// !$*UTF8*$!
{
	archiveVersion = 1;
	classes = {
	};
	objectVersion = 50;
	objects = {

/* Begin PBXBuildFile section */
		05A02447265CE7DC00A06C21 /* AppDelegate.m in Sources */ = {isa = PBXBuildFile; fileRef = 05A02446265CE7DC00A06C21 /* AppDelegate.m */; };
		05A0244D265CE7DC00A06C21 /* ViewController.m in Sources */ = {isa = PBXBuildFile; fileRef = 05A0244C265CE7DC00A06C21 /* ViewController.m */; };
		05A02450265CE7DC00A06C21 /* Main.storyboard in Resources */ = {isa = PBXBuildFile; fileRef = 05A0244E265CE7DC00A06C21 /* Main.storyboard */; };
		05A02452265CE7DE00A06C21 /* Assets.xcassets in Resources */ = {isa = PBXBuildFile; fileRef = 05A02451265CE7DE00A06C21 /* Assets.xcassets */; };
		05A02455265CE7DE00A06C21 /* LaunchScreen.storyboard in Resources */ = {isa = PBXBuildFile; fileRef = 05A02453265CE7DE00A06C21 /* LaunchScreen.storyboard */; };
		05A02458265CE7DE00A06C21 /* main.m in Sources */ = {isa = PBXBuildFile; fileRef = 05A02457265CE7DE00A06C21 /* main.m */; };
		05A02462265CEDC200A06C21 /* scale.vsh in Resources */ = {isa = PBXBuildFile; fileRef = 05A02460265CEDC200A06C21 /* scale.vsh */; };
		05A02463265CEDC200A06C21 /* scale.fsh in Resources */ = {isa = PBXBuildFile; fileRef = 05A02461265CEDC200A06C21 /* scale.fsh */; };
		05A02466265CEEC100A06C21 /* Normal.fsh in Resources */ = {isa = PBXBuildFile; fileRef = 05A02465265CEEC100A06C21 /* Normal.fsh */; };
		05A02468265CEED800A06C21 /* Normal.vsh in Resources */ = {isa = PBXBuildFile; fileRef = 05A02467265CEED800A06C21 /* Normal.vsh */; };
/* End PBXBuildFile section */

/* Begin PBXFileReference section */
		05A02442265CE7DC00A06C21 /* OpenGLES01.app */ = {isa = PBXFileReference; explicitFileType = wrapper.application; includeInIndex = 0; path = OpenGLES01.app; sourceTree = BUILT_PRODUCTS_DIR; };
		05A02445265CE7DC00A06C21 /* AppDelegate.h */ = {isa = PBXFileReference; lastKnownFileType = sourcecode.c.h; path = AppDelegate.h; sourceTree = "<group>"; };
		05A02446265CE7DC00A06C21 /* AppDelegate.m */ = {isa = PBXFileReference; lastKnownFileType = sourcecode.c.objc; path = AppDelegate.m; sourceTree = "<group>"; };
		05A0244B265CE7DC00A06C21 /* ViewController.h */ = {isa = PBXFileReference; lastKnownFileType = sourcecode.c.h; path = ViewController.h; sourceTree = "<group>"; };
		05A0244C265CE7DC00A06C21 /* ViewController.m */ = {isa = PBXFileReference; lastKnownFileType = sourcecode.c.objc; path = ViewController.m; sourceTree = "<group>"; };
		05A0244F265CE7DC00A06C21 /* Base */ = {isa = PBXFileReference; lastKnownFileType = file.storyboard; name = Base; path = Base.lproj/Main.storyboard; sourceTree = "<group>"; };
		05A02451265CE7DE00A06C21 /* Assets.xcassets */ = {isa = PBXFileReference; lastKnownFileType = folder.assetcatalog; path = Assets.xcassets; sourceTree = "<group>"; };
		05A02454265CE7DE00A06C21 /* Base */ = {isa = PBXFileReference; lastKnownFileType = file.storyboard; name = Base; path = Base.lproj/LaunchScreen.storyboard; sourceTree = "<group>"; };
		05A02456265CE7DE00A06C21 /* Info.plist */ = {isa = PBXFileReference; lastKnownFileType = text.plist.xml; path = Info.plist; sourceTree = "<group>"; };
		05A02457265CE7DE00A06C21 /* main.m */ = {isa = PBXFileReference; lastKnownFileType = sourcecode.c.objc; path = main.m; sourceTree = "<group>"; };
		05A02460265CEDC200A06C21 /* scale.vsh */ = {isa = PBXFileReference; fileEncoding = 4; lastKnownFileType = sourcecode.glsl; path = scale.vsh; sourceTree = "<group>"; };
		05A02461265CEDC200A06C21 /* scale.fsh */ = {isa = PBXFileReference; fileEncoding = 4; lastKnownFileType = sourcecode.glsl; path = scale.fsh; sourceTree = "<group>"; };
		05A02465265CEEC100A06C21 /* Normal.fsh */ = {isa = PBXFileReference; lastKnownFileType = sourcecode.glsl; path = Normal.fsh; sourceTree = "<group>"; };
		05A02467265CEED800A06C21 /* Normal.vsh */ = {isa = PBXFileReference; lastKnownFileType = sourcecode.glsl; path = Normal.vsh; sourceTree = "<group>"; };
/* End PBXFileReference section */

/* Begin PBXFrameworksBuildPhase section */
		05A0243F265CE7DC00A06C21 /* Frameworks */ = {
			isa = PBXFrameworksBuildPhase;
			buildActionMask = 2147483647;
			files = (
			);
			runOnlyForDeploymentPostprocessing = 0;
		};
/* End PBXFrameworksBuildPhase section */

/* Begin PBXGroup section */
		05A02439265CE7DC00A06C21 = {
			isa = PBXGroup;
			children = (
				05A02444265CE7DC00A06C21 /* OpenGLES01 */,
				05A02443265CE7DC00A06C21 /* Products */,
			);
			sourceTree = "<group>";
		};
		05A02443265CE7DC00A06C21 /* Products */ = {
			isa = PBXGroup;
			children = (
				05A02442265CE7DC00A06C21 /* OpenGLES01.app */,
			);
			name = Products;
			sourceTree = "<group>";
		};
		05A02444265CE7DC00A06C21 /* OpenGLES01 */ = {
			isa = PBXGroup;
			children = (
				05A0245E265CECDF00A06C21 /* Shader */,
				05A02445265CE7DC00A06C21 /* AppDelegate.h */,
				05A02446265CE7DC00A06C21 /* AppDelegate.m */,
				05A0244B265CE7DC00A06C21 /* ViewController.h */,
				05A0244C265CE7DC00A06C21 /* ViewController.m */,
				05A0244E265CE7DC00A06C21 /* Main.storyboard */,
				05A02451265CE7DE00A06C21 /* Assets.xcassets */,
				05A02453265CE7DE00A06C21 /* LaunchScreen.storyboard */,
				05A02456265CE7DE00A06C21 /* Info.plist */,
				05A02457265CE7DE00A06C21 /* main.m */,
			);
			path = OpenGLES01;
			sourceTree = "<group>";
		};
		05A0245E265CECDF00A06C21 /* Shader */ = {
			isa = PBXGroup;
			children = (
				05A02464265CEE7800A06C21 /* Normal */,
				05A0245F265CEDC200A06C21 /* Scale */,
			);
			path = Shader;
			sourceTree = "<group>";
		};
		05A0245F265CEDC200A06C21 /* Scale */ = {
			isa = PBXGroup;
			children = (
				05A02460265CEDC200A06C21 /* scale.vsh */,
				05A02461265CEDC200A06C21 /* scale.fsh */,
			);
			path = Scale;
			sourceTree = "<group>";
		};
		05A02464265CEE7800A06C21 /* Normal */ = {
			isa = PBXGroup;
			children = (
				05A02465265CEEC100A06C21 /* Normal.fsh */,
				05A02467265CEED800A06C21 /* Normal.vsh */,
			);
			path = Normal;
			sourceTree = "<group>";
		};
/* End PBXGroup section */

/* Begin PBXNativeTarget section */
		05A02441265CE7DC00A06C21 /* OpenGLES01 */ = {
			isa = PBXNativeTarget;
			buildConfigurationList = 05A0245B265CE7DE00A06C21 /* Build configuration list for PBXNativeTarget "OpenGLES01" */;
			buildPhases = (
				05A0243E265CE7DC00A06C21 /* Sources */,
				05A0243F265CE7DC00A06C21 /* Frameworks */,
				05A02440265CE7DC00A06C21 /* Resources */,
			);
			buildRules = (
			);
			dependencies = (
			);
			name = OpenGLES01;
			productName = OpenGLES01;
			productReference = 05A02442265CE7DC00A06C21 /* OpenGLES01.app */;
			productType = "com.apple.product-type.application";
		};
/* End PBXNativeTarget section */

/* Begin PBXProject section */
		05A0243A265CE7DC00A06C21 /* Project object */ = {
			isa = PBXProject;
			attributes = {
				LastUpgradeCheck = 1250;
				TargetAttributes = {
					05A02441265CE7DC00A06C21 = {
						CreatedOnToolsVersion = 12.5;
					};
				};
			};
			buildConfigurationList = 05A0243D265CE7DC00A06C21 /* Build configuration list for PBXProject "OpenGLES01" */;
			compatibilityVersion = "Xcode 9.3";
			developmentRegion = en;
			hasScannedForEncodings = 0;
			knownRegions = (
				en,
				Base,
			);
			mainGroup = 05A02439265CE7DC00A06C21;
			productRefGroup = 05A02443265CE7DC00A06C21 /* Products */;
			projectDirPath = "";
			projectRoot = "";
			targets = (
				05A02441265CE7DC00A06C21 /* OpenGLES01 */,
			);
		};
/* End PBXProject section */

/* Begin PBXResourcesBuildPhase section */
		05A02440265CE7DC00A06C21 /* Resources */ = {
			isa = PBXResourcesBuildPhase;
			buildActionMask = 2147483647;
			files = (
				05A02468265CEED800A06C21 /* Normal.vsh in Resources */,
				05A02466265CEEC100A06C21 /* Normal.fsh in Resources */,
				05A02463265CEDC200A06C21 /* scale.fsh in Resources */,
				05A02462265CEDC200A06C21 /* scale.vsh in Resources */,
				05A02455265CE7DE00A06C21 /* LaunchScreen.storyboard in Resources */,
				05A02452265CE7DE00A06C21 /* Assets.xcassets in Resources */,
				05A02450265CE7DC00A06C21 /* Main.storyboard in Resources */,
			);
			runOnlyForDeploymentPostprocessing = 0;
		};
/* End PBXResourcesBuildPhase section */

/* Begin PBXSourcesBuildPhase section */
		05A0243E265CE7DC00A06C21 /* Sources */ = {
			isa = PBXSourcesBuildPhase;
			buildActionMask = 2147483647;
			files = (
				05A0244D265CE7DC00A06C21 /* ViewController.m in Sources */,
				05A02447265CE7DC00A06C21 /* AppDelegate.m in Sources */,
				05A02458265CE7DE00A06C21 /* main.m in Sources */,
			);
			runOnlyForDeploymentPostprocessing = 0;
		};
/* End PBXSourcesBuildPhase section */

/* Begin PBXVariantGroup section */
		05A0244E265CE7DC00A06C21 /* Main.storyboard */ = {
			isa = PBXVariantGroup;
			children = (
				05A0244F265CE7DC00A06C21 /* Base */,
			);
			name = Main.storyboard;
			sourceTree = "<group>";
		};
		05A02453265CE7DE00A06C21 /* LaunchScreen.storyboard */ = {
			isa = PBXVariantGroup;
			children = (
				05A02454265CE7DE00A06C21 /* Base */,
			);
			name = LaunchScreen.storyboard;
			sourceTree = "<group>";
		};
/* End PBXVariantGroup section */

/* Begin XCBuildConfiguration section */
		05A02459265CE7DE00A06C21 /* Debug */ = {
			isa = XCBuildConfiguration;
			buildSettings = {
				ALWAYS_SEARCH_USER_PATHS = NO;
				CLANG_ANALYZER_NONNULL = YES;
				CLANG_ANALYZER_NUMBER_OBJECT_CONVERSION = YES_AGGRESSIVE;
				CLANG_CXX_LANGUAGE_STANDARD = "gnu++14";
				CLANG_CXX_LIBRARY = "libc++";
				CLANG_ENABLE_MODULES = YES;
				CLANG_ENABLE_OBJC_ARC = YES;
				CLANG_ENABLE_OBJC_WEAK = YES;
				CLANG_WARN_BLOCK_CAPTURE_AUTORELEASING = YES;
				CLANG_WARN_BOOL_CONVERSION = YES;
				CLANG_WARN_COMMA = YES;
				CLANG_WARN_CONSTANT_CONVERSION = YES;
				CLANG_WARN_DEPRECATED_OBJC_IMPLEMENTATIONS = YES;
				CLANG_WARN_DIRECT_OBJC_ISA_USAGE = YES_ERROR;
				CLANG_WARN_DOCUMENTATION_COMMENTS = YES;
				CLANG_WARN_EMPTY_BODY = YES;
				CLANG_WARN_ENUM_CONVERSION = YES;
				CLANG_WARN_INFINITE_RECURSION = YES;
				CLANG_WARN_INT_CONVERSION = YES;
				CLANG_WARN_NON_LITERAL_NULL_CONVERSION = YES;
				CLANG_WARN_OBJC_IMPLICIT_RETAIN_SELF = YES;
				CLANG_WARN_OBJC_LITERAL_CONVERSION = YES;
				CLANG_WARN_OBJC_ROOT_CLASS = YES_ERROR;
				CLANG_WARN_QUOTED_INCLUDE_IN_FRAMEWORK_HEADER = YES;
				CLANG_WARN_RANGE_LOOP_ANALYSIS = YES;
				CLANG_WARN_STRICT_PROTOTYPES = YES;
				CLANG_WARN_SUSPICIOUS_MOVE = YES;
				CLANG_WARN_UNGUARDED_AVAILABILITY = YES_AGGRESSIVE;
				CLANG_WARN_UNREACHABLE_CODE = YES;
				CLANG_WARN__DUPLICATE_METHOD_MATCH = YES;
				COPY_PHASE_STRIP = NO;
				DEBUG_INFORMATION_FORMAT = dwarf;
				ENABLE_STRICT_OBJC_MSGSEND = YES;
				ENABLE_TESTABILITY = YES;
				GCC_C_LANGUAGE_STANDARD = gnu11;
				GCC_DYNAMIC_NO_PIC = NO;
				GCC_NO_COMMON_BLOCKS = YES;
				GCC_OPTIMIZATION_LEVEL = 0;
				GCC_PREPROCESSOR_DEFINITIONS = (
					"DEBUG=1",
					"$(inherited)",
				);
				GCC_WARN_64_TO_32_BIT_CONVERSION = YES;
				GCC_WARN_ABOUT_RETURN_TYPE = YES_ERROR;
				GCC_WARN_UNDECLARED_SELECTOR = YES;
				GCC_WARN_UNINITIALIZED_AUTOS = YES_AGGRESSIVE;
				GCC_WARN_UNUSED_FUNCTION = YES;
				GCC_WARN_UNUSED_VARIABLE = YES;
				IPHONEOS_DEPLOYMENT_TARGET = 14.5;
				MTL_ENABLE_DEBUG_INFO = INCLUDE_SOURCE;
				MTL_FAST_MATH = YES;
				ONLY_ACTIVE_ARCH = YES;
				SDKROOT = iphoneos;
			};
			name = Debug;
		};
		05A0245A265CE7DE00A06C21 /* Release */ = {
			isa = XCBuildConfiguration;
			buildSettings = {
				ALWAYS_SEARCH_USER_PATHS = NO;
				CLANG_ANALYZER_NONNULL = YES;
				CLANG_ANALYZER_NUMBER_OBJECT_CONVERSION = YES_AGGRESSIVE;
				CLANG_CXX_LANGUAGE_STANDARD = "gnu++14";
				CLANG_CXX_LIBRARY = "libc++";
				CLANG_ENABLE_MODULES = YES;
				CLANG_ENABLE_OBJC_ARC = YES;
				CLANG_ENABLE_OBJC_WEAK = YES;
				CLANG_WARN_BLOCK_CAPTURE_AUTORELEASING = YES;
				CLANG_WARN_BOOL_CONVERSION = YES;
				CLANG_WARN_COMMA = YES;
				CLANG_WARN_CONSTANT_CONVERSION = YES;
				CLANG_WARN_DEPRECATED_OBJC_IMPLEMENTATIONS = YES;
				CLANG_WARN_DIRECT_OBJC_ISA_USAGE = YES_ERROR;
				CLANG_WARN_DOCUMENTATION_COMMENTS = YES;
				CLANG_WARN_EMPTY_BODY = YES;
				CLANG_WARN_ENUM_CONVERSION = YES;
				CLANG_WARN_INFINITE_RECURSION = YES;
				CLANG_WARN_INT_CONVERSION = YES;
				CLANG_WARN_NON_LITERAL_NULL_CONVERSION = YES;
				CLANG_WARN_OBJC_IMPLICIT_RETAIN_SELF = YES;
				CLANG_WARN_OBJC_LITERAL_CONVERSION = YES;
				CLANG_WARN_OBJC_ROOT_CLASS = YES_ERROR;
				CLANG_WARN_QUOTED_INCLUDE_IN_FRAMEWORK_HEADER = YES;
				CLANG_WARN_RANGE_LOOP_ANALYSIS = YES;
				CLANG_WARN_STRICT_PROTOTYPES = YES;
				CLANG_WARN_SUSPICIOUS_MOVE = YES;
				CLANG_WARN_UNGUARDED_AVAILABILITY = YES_AGGRESSIVE;
				CLANG_WARN_UNREACHABLE_CODE = YES;
				CLANG_WARN__DUPLICATE_METHOD_MATCH = YES;
				COPY_PHASE_STRIP = NO;
				DEBUG_INFORMATION_FORMAT = "dwarf-with-dsym";
				ENABLE_NS_ASSERTIONS = NO;
				ENABLE_STRICT_OBJC_MSGSEND = YES;
				GCC_C_LANGUAGE_STANDARD = gnu11;
				GCC_NO_COMMON_BLOCKS = YES;
				GCC_WARN_64_TO_32_BIT_CONVERSION = YES;
				GCC_WARN_ABOUT_RETURN_TYPE = YES_ERROR;
				GCC_WARN_UNDECLARED_SELECTOR = YES;
				GCC_WARN_UNINITIALIZED_AUTOS = YES_AGGRESSIVE;
				GCC_WARN_UNUSED_FUNCTION = YES;
				GCC_WARN_UNUSED_VARIABLE = YES;
				IPHONEOS_DEPLOYMENT_TARGET = 14.5;
				MTL_ENABLE_DEBUG_INFO = NO;
				MTL_FAST_MATH = YES;
				SDKROOT = iphoneos;
				VALIDATE_PRODUCT = YES;
			};
			name = Release;
		};
		05A0245C265CE7DE00A06C21 /* Debug */ = {
			isa = XCBuildConfiguration;
			buildSettings = {
				ASSETCATALOG_COMPILER_APPICON_NAME = AppIcon;
				ASSETCATALOG_COMPILER_GLOBAL_ACCENT_COLOR_NAME = AccentColor;
				CODE_SIGN_STYLE = Automatic;
				DEVELOPMENT_TEAM = 5GFNJU429K;
				INFOPLIST_FILE = OpenGLES01/Info.plist;
				IPHONEOS_DEPLOYMENT_TARGET = 9.0;
				LD_RUNPATH_SEARCH_PATHS = (
					"$(inherited)",
					"@executable_path/Frameworks",
				);
				PRODUCT_BUNDLE_IDENTIFIER = IGG.OpenGLES01;
				PRODUCT_NAME = "$(TARGET_NAME)";
				TARGETED_DEVICE_FAMILY = "1,2";
			};
			name = Debug;
		};
		05A0245D265CE7DE00A06C21 /* Release */ = {
			isa = XCBuildConfiguration;
			buildSettings = {
				ASSETCATALOG_COMPILER_APPICON_NAME = AppIcon;
				ASSETCATALOG_COMPILER_GLOBAL_ACCENT_COLOR_NAME = AccentColor;
				CODE_SIGN_STYLE = Automatic;
				DEVELOPMENT_TEAM = 5GFNJU429K;
				INFOPLIST_FILE = OpenGLES01/Info.plist;
				IPHONEOS_DEPLOYMENT_TARGET = 9.0;
				LD_RUNPATH_SEARCH_PATHS = (
					"$(inherited)",
					"@executable_path/Frameworks",
				);
				PRODUCT_BUNDLE_IDENTIFIER = IGG.OpenGLES01;
				PRODUCT_NAME = "$(TARGET_NAME)";
				TARGETED_DEVICE_FAMILY = "1,2";
			};
			name = Release;
		};
/* End XCBuildConfiguration section */

/* Begin XCConfigurationList section */
		05A0243D265CE7DC00A06C21 /* Build configuration list for PBXProject "OpenGLES01" */ = {
			isa = XCConfigurationList;
			buildConfigurations = (
				05A02459265CE7DE00A06C21 /* Debug */,
				05A0245A265CE7DE00A06C21 /* Release */,
			);
			defaultConfigurationIsVisible = 0;
			defaultConfigurationName = Release;
		};
		05A0245B265CE7DE00A06C21 /* Build configuration list for PBXNativeTarget "OpenGLES01" */ = {
			isa = XCConfigurationList;
			buildConfigurations = (
				05A0245C265CE7DE00A06C21 /* Debug */,
				05A0245D265CE7DE00A06C21 /* Release */,
			);
			defaultConfigurationIsVisible = 0;
			defaultConfigurationName = Release;
		};
/* End XCConfigurationList section */
	};
	rootObject = 05A0243A265CE7DC00A06C21 /* Project object */;
}
